{
  "name": "xt-npm-demo2",
  "version": "1.0.0",
  "lockfileVersion": 1,
  "requires": true,
  "dependencies": {
    "xt-npm-demo": {
      "version": "1.0.0",
      "resolved": "https://registry.npmjs.org/xt-npm-demo/-/xt-npm-demo-1.0.0.tgz",
      "integrity": "sha512-zsTb0a01W3VjFhNTWyqVIV9jIbBSG602R3/eujezLF3OLM2EngGBXUh+TCBbwwQdwLHCCimCEB7837freb8avg=="
    }
  }
}
